
Microsoft Visual Studio Solution File, Format Version 12.00
# Visual Studio Version 17
VisualStudioVersion = 17.9.34622.214
MinimumVisualStudioVersion = 10.0.40219.1
Project("{FAE04EC0-301F-11D3-BF4B-00C04F79EFBC}") = "SampleApi3", "SampleApi3\SampleApi3.csproj", "{367179B8-9C5F-4206-A7E6-D59171DB9934}"
EndProject
Global
	GlobalSection(SolutionConfigurationPlatforms) = preSolution
		Debug|Any CPU = Debug|Any CPU
		Release|Any CPU = Release|Any CPU
	EndGlobalSection
	GlobalSection(ProjectConfigurationPlatforms) = postSolution
		{367179B8-9C5F-4206-A7E6-D59171DB9934}.Debug|Any CPU.ActiveCfg = Debug|Any CPU
		{367179B8-9C5F-4206-A7E6-D59171DB9934}.Debug|Any CPU.Build.0 = Debug|Any CPU
		{367179B8-9C5F-4206-A7E6-D59171DB9934}.Release|Any CPU.ActiveCfg = Release|Any CPU
		{367179B8-9C5F-4206-A7E6-D59171DB9934}.Release|Any CPU.Build.0 = Release|Any CPU
	EndGlobalSection
	GlobalSection(SolutionProperties) = preSolution
		HideSolutionNode = FALSE
	EndGlobalSection
	GlobalSection(ExtensibilityGlobals) = postSolution
		SolutionGuid = {07F1CE79-1EA2-4AAB-9A54-0F729CBD6A53}
	EndGlobalSection
EndGlobal
